{
  "name": "petrokala-platform",
  "lockfileVersion": 2,
  "requires": true,
  "packages": {
    "": {
      "name": "petrokala-platform",
      "version": "0.1.0",
      "dependencies": {
        "algoliasearch": "^4.17.0",
        "next": "13.4.10",
        "react": "18.2.0",
        "react-dom": "18.2.0",
        "@supabase/supabase-js": "^2.16.0"
      }
    }
  },
  "dependencies": {
    "algoliasearch": {
      "version": "4.17.0",
      "resolved": "https://registry.npmjs.org/algoliasearch/-/algoliasearch-4.17.0.tgz",
      "integrity": "sha512-PLACEHOLDER",
      "requires": {}
    },
    "next": {
      "version": "13.4.10",
      "resolved": "https://registry.npmjs.org/next/-/next-13.4.10.tgz",
      "integrity": "sha512-PLACEHOLDER",
      "requires": {}
    },
    "react": {
      "version": "18.2.0",
      "resolved": "https://registry.npmjs.org/react/-/react-18.2.0.tgz",
      "integrity": "sha512-PLACEHOLDER",
      "requires": {}
    },
    "react-dom": {
      "version": "18.2.0",
      "resolved": "https://registry.npmjs.org/react-dom/-/react-dom-18.2.0.tgz",
      "integrity": "sha512-PLACEHOLDER",
      "requires": {}
    },
    "@supabase/supabase-js": {
      "version": "2.16.0",
      "resolved": "https://registry.npmjs.org/@supabase/supabase-js/-/supabase-js-2.16.0.tgz",
      "integrity": "sha512-PLACEHOLDER",
      "requires": {}
    }
  }
}
